// !$*UTF8*$!
{
	archiveVersion = 1;
	classes = {
	};
	objectVersion = 50;
	objects = {

/* Begin PBXBuildFile section */
		656CC2EE21AB8815005E9729 /* AppDelegate.swift in Sources */ = {isa = PBXBuildFile; fileRef = 656CC2ED21AB8815005E9729 /* AppDelegate.swift */; };
		656CC2F021AB8815005E9729 /* ViewController.swift in Sources */ = {isa = PBXBuildFile; fileRef = 656CC2EF21AB8815005E9729 /* ViewController.swift */; };
		656CC2F321AB8815005E9729 /* Main.storyboard in Resources */ = {isa = PBXBuildFile; fileRef = 656CC2F121AB8815005E9729 /* Main.storyboard */; };
		656CC2F621AB8816005E9729 /* iOSData.xcdatamodeld in Sources */ = {isa = PBXBuildFile; fileRef = 656CC2F421AB8816005E9729 /* iOSData.xcdatamodeld */; };
		656CC2F821AB882F005E9729 /* Assets.xcassets in Resources */ = {isa = PBXBuildFile; fileRef = 656CC2F721AB882F005E9729 /* Assets.xcassets */; };
		656CC2FB21AB882F005E9729 /* LaunchScreen.storyboard in Resources */ = {isa = PBXBuildFile; fileRef = 656CC2F921AB882F005E9729 /* LaunchScreen.storyboard */; };
/* End PBXBuildFile section */

/* Begin PBXFileReference section */
		656CC2EA21AB8815005E9729 /* iOSData.app */ = {isa = PBXFileReference; explicitFileType = wrapper.application; includeInIndex = 0; path = iOSData.app; sourceTree = BUILT_PRODUCTS_DIR; };
		656CC2ED21AB8815005E9729 /* AppDelegate.swift */ = {isa = PBXFileReference; lastKnownFileType = sourcecode.swift; path = AppDelegate.swift; sourceTree = "<group>"; };
		656CC2EF21AB8815005E9729 /* ViewController.swift */ = {isa = PBXFileReference; lastKnownFileType = sourcecode.swift; path = ViewController.swift; sourceTree = "<group>"; };
		656CC2F221AB8815005E9729 /* Base */ = {isa = PBXFileReference; lastKnownFileType = file.storyboard; name = Base; path = Base.lproj/Main.storyboard; sourceTree = "<group>"; };
		656CC2F521AB8816005E9729 /* iOSData.xcdatamodel */ = {isa = PBXFileReference; lastKnownFileType = wrapper.xcdatamodel; path = iOSData.xcdatamodel; sourceTree = "<group>"; };
		656CC2F721AB882F005E9729 /* Assets.xcassets */ = {isa = PBXFileReference; lastKnownFileType = folder.assetcatalog; path = Assets.xcassets; sourceTree = "<group>"; };
		656CC2FA21AB882F005E9729 /* Base */ = {isa = PBXFileReference; lastKnownFileType = file.storyboard; name = Base; path = Base.lproj/LaunchScreen.storyboard; sourceTree = "<group>"; };
		656CC2FC21AB882F005E9729 /* Info.plist */ = {isa = PBXFileReference; lastKnownFileType = text.plist.xml; path = Info.plist; sourceTree = "<group>"; };
/* End PBXFileReference section */

/* Begin PBXFrameworksBuildPhase section */
		656CC2E721AB8815005E9729 /* Frameworks */ = {
			isa = PBXFrameworksBuildPhase;
			buildActionMask = 2147483647;
			files = (
			);
			runOnlyForDeploymentPostprocessing = 0;
		};
/* End PBXFrameworksBuildPhase section */

/* Begin PBXGroup section */
		656CC2E121AB8814005E9729 = {
			isa = PBXGroup;
			children = (
				656CC2EC21AB8815005E9729 /* iOSData */,
				656CC2EB21AB8815005E9729 /* Products */,
			);
			sourceTree = "<group>";
		};
		656CC2EB21AB8815005E9729 /* Products */ = {
			isa = PBXGroup;
			children = (
				656CC2EA21AB8815005E9729 /* iOSData.app */,
			);
			name = Products;
			sourceTree = "<group>";
		};
		656CC2EC21AB8815005E9729 /* iOSData */ = {
			isa = PBXGroup;
			children = (
				656CC2ED21AB8815005E9729 /* AppDelegate.swift */,
				656CC2EF21AB8815005E9729 /* ViewController.swift */,
				656CC2F121AB8815005E9729 /* Main.storyboard */,
				656CC2F721AB882F005E9729 /* Assets.xcassets */,
				656CC2F921AB882F005E9729 /* LaunchScreen.storyboard */,
				656CC2FC21AB882F005E9729 /* Info.plist */,
				656CC2F421AB8816005E9729 /* iOSData.xcdatamodeld */,
			);
			path = iOSData;
			sourceTree = "<group>";
		};
/* End PBXGroup section */

/* Begin PBXNativeTarget section */
		656CC2E921AB8815005E9729 /* iOSData */ = {
			isa = PBXNativeTarget;
			buildConfigurationList = 656CC2FF21AB882F005E9729 /* Build configuration list for PBXNativeTarget "iOSData" */;
			buildPhases = (
				656CC2E621AB8815005E9729 /* Sources */,
				656CC2E721AB8815005E9729 /* Frameworks */,
				656CC2E821AB8815005E9729 /* Resources */,
			);
			buildRules = (
			);
			dependencies = (
			);
			name = iOSData;
			productName = iOSData;
			productReference = 656CC2EA21AB8815005E9729 /* iOSData.app */;
			productType = "com.apple.product-type.application";
		};
/* End PBXNativeTarget section */

/* Begin PBXProject section */
		656CC2E221AB8814005E9729 /* Project object */ = {
			isa = PBXProject;
			attributes = {
				LastSwiftUpdateCheck = 1010;
				LastUpgradeCheck = 1010;
				ORGANIZATIONNAME = The;
				TargetAttributes = {
					656CC2E921AB8815005E9729 = {
						CreatedOnToolsVersion = 10.1;
					};
				};
			};
			buildConfigurationList = 656CC2E521AB8814005E9729 /* Build configuration list for PBXProject "iOSData" */;
			compatibilityVersion = "Xcode 9.3";
			developmentRegion = en;
			hasScannedForEncodings = 0;
			knownRegions = (
				en,
				Base,
			);
			mainGroup = 656CC2E121AB8814005E9729;
			productRefGroup = 656CC2EB21AB8815005E9729 /* Products */;
			projectDirPath = "";
			projectRoot = "";
			targets = (
				656CC2E921AB8815005E9729 /* iOSData */,
			);
		};
/* End PBXProject section */

/* Begin PBXResourcesBuildPhase section */
		656CC2E821AB8815005E9729 /* Resources */ = {
			isa = PBXResourcesBuildPhase;
			buildActionMask = 2147483647;
			files = (
				656CC2FB21AB882F005E9729 /* LaunchScreen.storyboard in Resources */,
				656CC2F821AB882F005E9729 /* Assets.xcassets in Resources */,
				656CC2F321AB8815005E9729 /* Main.storyboard in Resources */,
			);
			runOnlyForDeploymentPostprocessing = 0;
		};
/* End PBXResourcesBuildPhase section */

/* Begin PBXSourcesBuildPhase section */
		656CC2E621AB8815005E9729 /* Sources */ = {
			isa = PBXSourcesBuildPhase;
			buildActionMask = 2147483647;
			files = (
				656CC2F021AB8815005E9729 /* ViewController.swift in Sources */,
				656CC2F621AB8816005E9729 /* iOSData.xcdatamodeld in Sources */,
				656CC2EE21AB8815005E9729 /* AppDelegate.swift in Sources */,
			);
			runOnlyForDeploymentPostprocessing = 0;
		};
/* End PBXSourcesBuildPhase section */

/* Begin PBXVariantGroup section */
		656CC2F121AB8815005E9729 /* Main.storyboard */ = {
			isa = PBXVariantGroup;
			children = (
				656CC2F221AB8815005E9729 /* Base */,
			);
			name = Main.storyboard;
			sourceTree = "<group>";
		};
		656CC2F921AB882F005E9729 /* LaunchScreen.storyboard */ = {
			isa = PBXVariantGroup;
			children = (
				656CC2FA21AB882F005E9729 /* Base */,
			);
			name = LaunchScreen.storyboard;
			sourceTree = "<group>";
		};
/* End PBXVariantGroup section */

/* Begin XCBuildConfiguration section */
		656CC2FD21AB882F005E9729 /* Debug */ = {
			isa = XCBuildConfiguration;
			buildSettings = {
				ALWAYS_SEARCH_USER_PATHS = NO;
				CLANG_ANALYZER_NONNULL = YES;
				CLANG_ANALYZER_NUMBER_OBJECT_CONVERSION = YES_AGGRESSIVE;
				CLANG_CXX_LANGUAGE_STANDARD = "gnu++14";
				CLANG_CXX_LIBRARY = "libc++";
				CLANG_ENABLE_MODULES = YES;
				CLANG_ENABLE_OBJC_ARC = YES;
				CLANG_ENABLE_OBJC_WEAK = YES;
				CLANG_WARN_BLOCK_CAPTURE_AUTORELEASING = YES;
				CLANG_WARN_BOOL_CONVERSION = YES;
				CLANG_WARN_COMMA = YES;
				CLANG_WARN_CONSTANT_CONVERSION = YES;
				CLANG_WARN_DEPRECATED_OBJC_IMPLEMENTATIONS = YES;
				CLANG_WARN_DIRECT_OBJC_ISA_USAGE = YES_ERROR;
				CLANG_WARN_DOCUMENTATION_COMMENTS = YES;
				CLANG_WARN_EMPTY_BODY = YES;
				CLANG_WARN_ENUM_CONVERSION = YES;
				CLANG_WARN_INFINITE_RECURSION = YES;
				CLANG_WARN_INT_CONVERSION = YES;
				CLANG_WARN_NON_LITERAL_NULL_CONVERSION = YES;
				CLANG_WARN_OBJC_IMPLICIT_RETAIN_SELF = YES;
				CLANG_WARN_OBJC_LITERAL_CONVERSION = YES;
				CLANG_WARN_OBJC_ROOT_CLASS = YES_ERROR;
				CLANG_WARN_RANGE_LOOP_ANALYSIS = YES;
				CLANG_WARN_STRICT_PROTOTYPES = YES;
				CLANG_WARN_SUSPICIOUS_MOVE = YES;
				CLANG_WARN_UNGUARDED_AVAILABILITY = YES_AGGRESSIVE;
				CLANG_WARN_UNREACHABLE_CODE = YES;
				CLANG_WARN__DUPLICATE_METHOD_MATCH = YES;
				CODE_SIGN_IDENTITY = "iPhone Developer";
				COPY_PHASE_STRIP = NO;
				DEBUG_INFORMATION_FORMAT = dwarf;
				ENABLE_STRICT_OBJC_MSGSEND = YES;
				ENABLE_TESTABILITY = YES;
				GCC_C_LANGUAGE_STANDARD = gnu11;
				GCC_DYNAMIC_NO_PIC = NO;
				GCC_NO_COMMON_BLOCKS = YES;
				GCC_OPTIMIZATION_LEVEL = 0;
				GCC_PREPROCESSOR_DEFINITIONS = (
					"DEBUG=1",
					"$(inherited)",
				);
				GCC_WARN_64_TO_32_BIT_CONVERSION = YES;
				GCC_WARN_ABOUT_RETURN_TYPE = YES_ERROR;
				GCC_WARN_UNDECLARED_SELECTOR = YES;
				GCC_WARN_UNINITIALIZED_AUTOS = YES_AGGRESSIVE;
				GCC_WARN_UNUSED_FUNCTION = YES;
				GCC_WARN_UNUSED_VARIABLE = YES;
				IPHONEOS_DEPLOYMENT_TARGET = 12.1;
				MTL_ENABLE_DEBUG_INFO = INCLUDE_SOURCE;
				MTL_FAST_MATH = YES;
				ONLY_ACTIVE_ARCH = YES;
				SDKROOT = iphoneos;
				SWIFT_ACTIVE_COMPILATION_CONDITIONS = DEBUG;
				SWIFT_OPTIMIZATION_LEVEL = "-Onone";
			};
			name = Debug;
		};
		656CC2FE21AB882F005E9729 /* Release */ = {
			isa = XCBuildConfiguration;
			buildSettings = {
				ALWAYS_SEARCH_USER_PATHS = NO;
				CLANG_ANALYZER_NONNULL = YES;
				CLANG_ANALYZER_NUMBER_OBJECT_CONVERSION = YES_AGGRESSIVE;
				CLANG_CXX_LANGUAGE_STANDARD = "gnu++14";
				CLANG_CXX_LIBRARY = "libc++";
				CLANG_ENABLE_MODULES = YES;
				CLANG_ENABLE_OBJC_ARC = YES;
				CLANG_ENABLE_OBJC_WEAK = YES;
				CLANG_WARN_BLOCK_CAPTURE_AUTORELEASING = YES;
				CLANG_WARN_BOOL_CONVERSION = YES;
				CLANG_WARN_COMMA = YES;
				CLANG_WARN_CONSTANT_CONVERSION = YES;
				CLANG_WARN_DEPRECATED_OBJC_IMPLEMENTATIONS = YES;
				CLANG_WARN_DIRECT_OBJC_ISA_USAGE = YES_ERROR;
				CLANG_WARN_DOCUMENTATION_COMMENTS = YES;
				CLANG_WARN_EMPTY_BODY = YES;
				CLANG_WARN_ENUM_CONVERSION = YES;
				CLANG_WARN_INFINITE_RECURSION = YES;
				CLANG_WARN_INT_CONVERSION = YES;
				CLANG_WARN_NON_LITERAL_NULL_CONVERSION = YES;
				CLANG_WARN_OBJC_IMPLICIT_RETAIN_SELF = YES;
				CLANG_WARN_OBJC_LITERAL_CONVERSION = YES;
				CLANG_WARN_OBJC_ROOT_CLASS = YES_ERROR;
				CLANG_WARN_RANGE_LOOP_ANALYSIS = YES;
				CLANG_WARN_STRICT_PROTOTYPES = YES;
				CLANG_WARN_SUSPICIOUS_MOVE = YES;
				CLANG_WARN_UNGUARDED_AVAILABILITY = YES_AGGRESSIVE;
				CLANG_WARN_UNREACHABLE_CODE = YES;
				CLANG_WARN__DUPLICATE_METHOD_MATCH = YES;
				CODE_SIGN_IDENTITY = "iPhone Developer";
				COPY_PHASE_STRIP = NO;
				DEBUG_INFORMATION_FORMAT = "dwarf-with-dsym";
				ENABLE_NS_ASSERTIONS = NO;
				ENABLE_STRICT_OBJC_MSGSEND = YES;
				GCC_C_LANGUAGE_STANDARD = gnu11;
				GCC_NO_COMMON_BLOCKS = YES;
				GCC_WARN_64_TO_32_BIT_CONVERSION = YES;
				GCC_WARN_ABOUT_RETURN_TYPE = YES_ERROR;
				GCC_WARN_UNDECLARED_SELECTOR = YES;
				GCC_WARN_UNINITIALIZED_AUTOS = YES_AGGRESSIVE;
				GCC_WARN_UNUSED_FUNCTION = YES;
				GCC_WARN_UNUSED_VARIABLE = YES;
				IPHONEOS_DEPLOYMENT_TARGET = 12.1;
				MTL_ENABLE_DEBUG_INFO = NO;
				MTL_FAST_MATH = YES;
				SDKROOT = iphoneos;
				SWIFT_COMPILATION_MODE = wholemodule;
				SWIFT_OPTIMIZATION_LEVEL = "-O";
				VALIDATE_PRODUCT = YES;
			};
			name = Release;
		};
		656CC30021AB882F005E9729 /* Debug */ = {
			isa = XCBuildConfiguration;
			buildSettings = {
				ASSETCATALOG_COMPILER_APPICON_NAME = AppIcon;
				CODE_SIGN_STYLE = Automatic;
				INFOPLIST_FILE = iOSData/Info.plist;
				LD_RUNPATH_SEARCH_PATHS = (
					"$(inherited)",
					"@executable_path/Frameworks",
				);
				PRODUCT_BUNDLE_IDENTIFIER = com.jy.iOSData;
				PRODUCT_NAME = "$(TARGET_NAME)";
				SWIFT_VERSION = 4.2;
				TARGETED_DEVICE_FAMILY = "1,2";
			};
			name = Debug;
		};
		656CC30121AB882F005E9729 /* Release */ = {
			isa = XCBuildConfiguration;
			buildSettings = {
				ASSETCATALOG_COMPILER_APPICON_NAME = AppIcon;
				CODE_SIGN_STYLE = Automatic;
				INFOPLIST_FILE = iOSData/Info.plist;
				LD_RUNPATH_SEARCH_PATHS = (
					"$(inherited)",
					"@executable_path/Frameworks",
				);
				PRODUCT_BUNDLE_IDENTIFIER = com.jy.iOSData;
				PRODUCT_NAME = "$(TARGET_NAME)";
				SWIFT_VERSION = 4.2;
				TARGETED_DEVICE_FAMILY = "1,2";
			};
			name = Release;
		};
/* End XCBuildConfiguration section */

/* Begin XCConfigurationList section */
		656CC2E521AB8814005E9729 /* Build configuration list for PBXProject "iOSData" */ = {
			isa = XCConfigurationList;
			buildConfigurations = (
				656CC2FD21AB882F005E9729 /* Debug */,
				656CC2FE21AB882F005E9729 /* Release */,
			);
			defaultConfigurationIsVisible = 0;
			defaultConfigurationName = Release;
		};
		656CC2FF21AB882F005E9729 /* Build configuration list for PBXNativeTarget "iOSData" */ = {
			isa = XCConfigurationList;
			buildConfigurations = (
				656CC30021AB882F005E9729 /* Debug */,
				656CC30121AB882F005E9729 /* Release */,
			);
			defaultConfigurationIsVisible = 0;
			defaultConfigurationName = Release;
		};
/* End XCConfigurationList section */

/* Begin XCVersionGroup section */
		656CC2F421AB8816005E9729 /* iOSData.xcdatamodeld */ = {
			isa = XCVersionGroup;
			children = (
				656CC2F521AB8816005E9729 /* iOSData.xcdatamodel */,
			);
			currentVersion = 656CC2F521AB8816005E9729 /* iOSData.xcdatamodel */;
			path = iOSData.xcdatamodeld;
			sourceTree = "<group>";
			versionGroupType = wrapper.xcdatamodel;
		};
/* End XCVersionGroup section */
	};
	rootObject = 656CC2E221AB8814005E9729 /* Project object */;
}
